
Microsoft Visual Studio Solution File, Format Version 12.00
# Visual Studio Version 17
VisualStudioVersion = 17.3.32819.101
MinimumVisualStudioVersion = 10.0.40219.1
Project("{FAE04EC0-301F-11D3-BF4B-00C04F79EFBC}") = "Test", "Test\Test.csproj", "{5B1C1058-6E4C-40C7-9239-9BD8E1AEDD76}"
EndProject
Global
	GlobalSection(SolutionConfigurationPlatforms) = preSolution
		Debug|Any CPU = Debug|Any CPU
		Release|Any CPU = Release|Any CPU
	EndGlobalSection
	GlobalSection(ProjectConfigurationPlatforms) = postSolution
		{5B1C1058-6E4C-40C7-9239-9BD8E1AEDD76}.Debug|Any CPU.ActiveCfg = Debug|Any CPU
		{5B1C1058-6E4C-40C7-9239-9BD8E1AEDD76}.Debug|Any CPU.Build.0 = Debug|Any CPU
		{5B1C1058-6E4C-40C7-9239-9BD8E1AEDD76}.Release|Any CPU.ActiveCfg = Release|Any CPU
		{5B1C1058-6E4C-40C7-9239-9BD8E1AEDD76}.Release|Any CPU.Build.0 = Release|Any CPU
	EndGlobalSection
	GlobalSection(SolutionProperties) = preSolution
		HideSolutionNode = FALSE
	EndGlobalSection
	GlobalSection(ExtensibilityGlobals) = postSolution
		SolutionGuid = {D305B6A8-BEA6-47EA-9054-006BD31205CC}
	EndGlobalSection
EndGlobal
